# THIS IS AN AUTOGENERATED FILE. DO NOT EDIT THIS FILE DIRECTLY.
# yarn lockfile v1


mobiledoc-dom-renderer@0.6.5:
  version "0.6.5"
  resolved "https://registry.npmjs.org/mobiledoc-dom-renderer/-/mobiledoc-dom-renderer-0.6.5.tgz#56c0302c4f9c30840ab5b9b20dfe905aed1e437b"
  integrity sha1-VsAwLE+cMIQKtbmyDf6QWu0eQ3s=

mobiledoc-text-renderer@0.3.2:
  version "0.3.2"
  resolved "https://registry.npmjs.org/mobiledoc-text-renderer/-/mobiledoc-text-renderer-0.3.2.tgz#126a167a6cf8b6cd7e58c85feb18043603834580"
  integrity sha1-EmoWemz4ts1+WMhf6xgENgODRYA=
